
Microsoft Visual Studio Solution File, Format Version 12.00
# Visual Studio 14
VisualStudioVersion = 14.0.25420.1
MinimumVisualStudioVersion = 10.0.40219.1
Project("{00D1A9C2-B5F0-4AF3-8072-F6C62B433612}") = "SqlServerUtils", "SqlServerUtils.sqlproj", "{EF31E5C1-A553-4F87-92EE-7B64E6E0701B}"
EndProject
Global
	GlobalSection(SolutionConfigurationPlatforms) = preSolution
		Debug|Any CPU = Debug|Any CPU
		Release|Any CPU = Release|Any CPU
	EndGlobalSection
	GlobalSection(ProjectConfigurationPlatforms) = postSolution
		{EF31E5C1-A553-4F87-92EE-7B64E6E0701B}.Debug|Any CPU.ActiveCfg = Debug|Any CPU
		{EF31E5C1-A553-4F87-92EE-7B64E6E0701B}.Debug|Any CPU.Build.0 = Debug|Any CPU
		{EF31E5C1-A553-4F87-92EE-7B64E6E0701B}.Debug|Any CPU.Deploy.0 = Debug|Any CPU
		{EF31E5C1-A553-4F87-92EE-7B64E6E0701B}.Release|Any CPU.ActiveCfg = Release|Any CPU
		{EF31E5C1-A553-4F87-92EE-7B64E6E0701B}.Release|Any CPU.Build.0 = Release|Any CPU
		{EF31E5C1-A553-4F87-92EE-7B64E6E0701B}.Release|Any CPU.Deploy.0 = Release|Any CPU
	EndGlobalSection
	GlobalSection(SolutionProperties) = preSolution
		HideSolutionNode = FALSE
	EndGlobalSection
	GlobalSection(TeamFoundationVersionControl) = preSolution
		SccNumberOfProjects = 2
		SccEnterpriseProvider = {4CA58AB2-18FA-4F8D-95D4-32DDF27D184C}
		SccTeamFoundationServer = http://tfssem.intranet.ibermatica:8080/tfs/projectdevelopment
		SccLocalPath0 = .
		SccProjectUniqueName1 = SqlServerUtils.sqlproj
		SccLocalPath1 = .
	EndGlobalSection
EndGlobal
